Microsoft Visual Studio Solution File, Format Version 12.00
# Visual Studio Version 17
VisualStudioVersion = 17.5.2.0
MinimumVisualStudioVersion = 10.0.40219.1
Project("{FAE04EC0-301F-11D3-BF4B-00C04F79EFBC}") = "Wtq.Host.Windows", "Wtq.Host.Windows.csproj", "{3F5CC880-78F6-E57C-3083-A182B20977F7}"
EndProject
Global
	GlobalSection(SolutionConfigurationPlatforms) = preSolution
		Debug|Any CPU = Debug|Any CPU
		Release|Any CPU = Release|Any CPU
	EndGlobalSection
	GlobalSection(ProjectConfigurationPlatforms) = postSolution
		{3F5CC880-78F6-E57C-3083-A182B20977F7}.Debug|Any CPU.ActiveCfg = Debug|Any CPU
		{3F5CC880-78F6-E57C-3083-A182B20977F7}.Debug|Any CPU.Build.0 = Debug|Any CPU
		{3F5CC880-78F6-E57C-3083-A182B20977F7}.Release|Any CPU.ActiveCfg = Release|Any CPU
		{3F5CC880-78F6-E57C-3083-A182B20977F7}.Release|Any CPU.Build.0 = Release|Any CPU
	EndGlobalSection
	GlobalSection(SolutionProperties) = preSolution
		HideSolutionNode = FALSE
	EndGlobalSection
	GlobalSection(ExtensibilityGlobals) = postSolution
		SolutionGuid = {D9C685D2-C1D8-499E-AF59-C072E5E543AC}
	EndGlobalSection
EndGlobal
