
Microsoft Visual Studio Solution File, Format Version 12.00
# Visual Studio Version 17
VisualStudioVersion = 17.8.34511.84
MinimumVisualStudioVersion = 10.0.40219.1
Project("{9A19103F-16F7-4668-BE54-9A1E7A4F7556}") = "windows-terminal-quake", "windows-terminal-quake\windows-terminal-quake.csproj", "{7174B5DC-25D7-413D-B215-14FDC0278D0C}"
EndProject
Project("{2150E333-8FDC-42A3-9474-1A3956D46DE8}") = "Build", "Build", "{629FF3AD-5292-42A3-AE5E-1488D06C8E9F}"
EndProject
Global
	GlobalSection(SolutionConfigurationPlatforms) = preSolution
		Debug|Any CPU = Debug|Any CPU
		Release|Any CPU = Release|Any CPU
	EndGlobalSection
	GlobalSection(ProjectConfigurationPlatforms) = postSolution
		{7174B5DC-25D7-413D-B215-14FDC0278D0C}.Debug|Any CPU.ActiveCfg = Debug|Any CPU
		{7174B5DC-25D7-413D-B215-14FDC0278D0C}.Debug|Any CPU.Build.0 = Debug|Any CPU
		{7174B5DC-25D7-413D-B215-14FDC0278D0C}.Release|Any CPU.ActiveCfg = Release|Any CPU
		{7174B5DC-25D7-413D-B215-14FDC0278D0C}.Release|Any CPU.Build.0 = Release|Any CPU
	EndGlobalSection
	GlobalSection(SolutionProperties) = preSolution
		HideSolutionNode = FALSE
	EndGlobalSection
	GlobalSection(ExtensibilityGlobals) = postSolution
		SolutionGuid = {65349C7B-F6B3-49A8-9935-4ABF9B6D3D70}
	EndGlobalSection
EndGlobal
