
Microsoft Visual Studio Solution File, Format Version 12.00
# Visual Studio Version 16
VisualStudioVersion = 16.0.29123.88
MinimumVisualStudioVersion = 10.0.40219.1
Project("{9A19103F-16F7-4668-BE54-9A1E7A4F7556}") = "windows-terminal-quake", "windows-terminal-quake\windows-terminal-quake.csproj", "{96A07892-69EC-49FB-84C4-3AE678EE3EDE}"
EndProject
Project("{2150E333-8FDC-42A3-9474-1A3956D46DE8}") = "Build", "Build", "{1C9CDE72-0E19-42DC-BF4A-D1399AB6AEED}"
	ProjectSection(SolutionItems) = preProject
		.editorconfig = .editorconfig
		.gitignore = .gitignore
		azure-pipelines.yml = azure-pipelines.yml
		build.cake = build.cake
		build.ps1 = build.ps1
		global.json = global.json
	EndProjectSection
EndProject
Project("{2150E333-8FDC-42A3-9474-1A3956D46DE8}") = "Schema", "Schema", "{2A5D241E-3682-411C-8463-3F67346ACFA7}"
	ProjectSection(SolutionItems) = preProject
		schema\windows-terminal-quake.schema.1.json = schema\windows-terminal-quake.schema.1.json
	EndProjectSection
EndProject
Global
	GlobalSection(SolutionConfigurationPlatforms) = preSolution
		Debug|Any CPU = Debug|Any CPU
		Release|Any CPU = Release|Any CPU
	EndGlobalSection
	GlobalSection(ProjectConfigurationPlatforms) = postSolution
		{96A07892-69EC-49FB-84C4-3AE678EE3EDE}.Debug|Any CPU.ActiveCfg = Debug|Any CPU
		{96A07892-69EC-49FB-84C4-3AE678EE3EDE}.Debug|Any CPU.Build.0 = Debug|Any CPU
		{96A07892-69EC-49FB-84C4-3AE678EE3EDE}.Release|Any CPU.ActiveCfg = Release|Any CPU
		{96A07892-69EC-49FB-84C4-3AE678EE3EDE}.Release|Any CPU.Build.0 = Release|Any CPU
	EndGlobalSection
	GlobalSection(SolutionProperties) = preSolution
		HideSolutionNode = FALSE
	EndGlobalSection
	GlobalSection(ExtensibilityGlobals) = postSolution
		SolutionGuid = {872F04B6-D29D-4893-A0B9-73253354D678}
	EndGlobalSection
EndGlobal
