Microsoft Visual Studio Solution File, Format Version 12.00
# Visual Studio Version 17
VisualStudioVersion = 17.8.34511.84
MinimumVisualStudioVersion = 10.0.40219.1
Project("{2150E333-8FDC-42A3-9474-1A3956D46DE8}") = "10-Core", "10-Core", "{7DA42A83-90F6-40FF-B60D-673A2D2DAEAC}"
EndProject
Project("{2150E333-8FDC-42A3-9474-1A3956D46DE8}") = "30-Host", "30-Host", "{F414F7B7-3276-46DE-B47E-9DA69D56736F}"
EndProject
Project("{2150E333-8FDC-42A3-9474-1A3956D46DE8}") = "00-Sln", "00-Sln", "{79182C46-1634-4556-92EB-882F91B32126}"
	ProjectSection(SolutionItems) = preProject
		..\.editorconfig = ..\.editorconfig
		..\.gitignore = ..\.gitignore
		build.cmd = build.cmd
		build.ps1 = build.ps1
		build.sh = build.sh
		..\CHANGELOG.md = ..\CHANGELOG.md
		Directory.Build.props = Directory.Build.props
		Directory.Packages.props = Directory.Packages.props
		global.json = global.json
	EndProjectSection
EndProject
Project("{2150E333-8FDC-42A3-9474-1A3956D46DE8}") = "20-Services", "20-Services", "{0818E9B2-260C-40E6-8FE1-96EC3A42B98D}"
EndProject
Project("{9A19103F-16F7-4668-BE54-9A1E7A4F7556}") = "Wtq", "10-Core\Wtq\Wtq.csproj", "{41CC08A5-C7BC-4DC8-970F-37DF4D83E4C8}"
EndProject
Project("{9A19103F-16F7-4668-BE54-9A1E7A4F7556}") = "Wtq.Services.Win32", "20-Services\Wtq.Services.Win32\Wtq.Services.Win32.csproj", "{02BDF9B7-75A9-45B1-9C2C-3A37ED94BD10}"
EndProject
Project("{9A19103F-16F7-4668-BE54-9A1E7A4F7556}") = "Wtq.Services.WinForms", "20-Services\Wtq.Services.WinForms\Wtq.Services.WinForms.csproj", "{A806FD73-3CF4-43AF-A9EF-C6258465DB17}"
EndProject
Project("{9A19103F-16F7-4668-BE54-9A1E7A4F7556}") = "Wtq.Host.Windows", "30-Host\Wtq.Host.Windows\Wtq.Host.Windows.csproj", "{565A845F-3999-4BBD-9D7D-85A4165E30DD}"
EndProject
Project("{2150E333-8FDC-42A3-9474-1A3956D46DE8}") = "01-Build", "01-Build", "{391579FD-F1D3-4DCB-AC66-AEB9BA845C0D}"
EndProject
Project("{9A19103F-16F7-4668-BE54-9A1E7A4F7556}") = "NukeBuild", "01-Build\NukeBuild\NukeBuild.csproj", "{F7AFBA04-0770-460B-9FE4-DF120FAAF2EC}"
EndProject
Project("{9A19103F-16F7-4668-BE54-9A1E7A4F7556}") = "Wtq.Host.Linux", "30-Host\Wtq.Host.Linux\Wtq.Host.Linux.csproj", "{8C172C6A-9D45-4307-9043-9CA89B4501A6}"
EndProject
Project("{9A19103F-16F7-4668-BE54-9A1E7A4F7556}") = "Wtq.Services.KWin", "20-Services\Wtq.Services.KWin\Wtq.Services.KWin.csproj", "{EA8DF436-748C-4A33-8FED-8546B77F65E2}"
EndProject
Project("{9A19103F-16F7-4668-BE54-9A1E7A4F7556}") = "Wtq.Services.KWin.UnitTest", "20-Services\Wtq.Services.KWin.UnitTest\Wtq.Services.KWin.UnitTest.csproj", "{36162B19-1E6F-4DC8-BF04-B0939BC21B8C}"
EndProject
Project("{FAE04EC0-301F-11D3-BF4B-00C04F79EFBC}") = "Wtq.Host.Base", "30-Host\Wtq.Host.Base\Wtq.Host.Base.csproj", "{E320A9BC-9E9D-42CC-A4E3-32F6F1D6E5A2}"
EndProject
Project("{9A19103F-16F7-4668-BE54-9A1E7A4F7556}") = "Wtq.Services.UI", "20-Services\Wtq.Services.UI\Wtq.Services.UI.csproj", "{F7E69AC0-0A37-4CB4-8139-DDF22388363C}"
EndProject
Project("{FAE04EC0-301F-11D3-BF4B-00C04F79EFBC}") = "Wtq.Services.TrayIcon", "20-Services\Wtq.Services.TrayIcon\Wtq.Services.TrayIcon.csproj", "{85153CE6-E098-437B-A8DE-C322F8C1270E}"
EndProject
Project("{FAE04EC0-301F-11D3-BF4B-00C04F79EFBC}") = "Wtq.UnitTest", "10-Core\Wtq.UnitTest\Wtq.UnitTest.csproj", "{39B4DB5A-4BF0-4901-93BB-F8313D1B56EC}"
EndProject
Project("{FAE04EC0-301F-11D3-BF4B-00C04F79EFBC}") = "Wtq.Host.Docs", "30-Host\Wtq.Host.Docs\Wtq.Host.Docs.csproj", "{C3754BEB-3D0F-424C-93B3-37215BCF3575}"
EndProject
Project("{FAE04EC0-301F-11D3-BF4B-00C04F79EFBC}") = "Wtq.Services.SharpHook", "20-Services\Wtq.Services.SharpHook\Wtq.Services.SharpHook.csproj", "{7B8C6131-3436-AADE-EDF8-B80983E09BF0}"
EndProject
Project("{FAE04EC0-301F-11D3-BF4B-00C04F79EFBC}") = "Wtq.Services.API", "20-Services\Wtq.Services.API\Wtq.Services.API.csproj", "{DD52C9C4-2B98-4E55-A1A2-C4C83FAB79B6}"
EndProject
Project("{FAE04EC0-301F-11D3-BF4B-00C04F79EFBC}") = "Wtq.Services.CLI", "20-Services\Wtq.Services.CLI\Wtq.Services.CLI.csproj", "{416E6CD2-3088-47AD-A654-1606DE0310CE}"
EndProject
Project("{FAE04EC0-301F-11D3-BF4B-00C04F79EFBC}") = "Wtq.Services.Win32v2", "20-Services\Wtq.Services.Win32v2\Wtq.Services.Win32v2.csproj", "{13E26E18-E6B6-483E-B451-1147636901DA}"
EndProject
Project("{FAE04EC0-301F-11D3-BF4B-00C04F79EFBC}") = "Wtq.Services.Win32v2.UnitTest", "20-Services\Wtq.Services.Win32v2.UnitTest\Wtq.Services.Win32v2.UnitTest.csproj", "{CDABAE08-04EA-45F9-9C91-2833F479C170}"
EndProject
Project("{FAE04EC0-301F-11D3-BF4B-00C04F79EFBC}") = "Wtq.Services.Linux", "20-Services\Wtq.Services.Linux\Wtq.Services.Linux.csproj", "{22A291CE-0BF5-436A-BA58-89DDC12D0EFE}"
EndProject
Project("{FAE04EC0-301F-11D3-BF4B-00C04F79EFBC}") = "Wtq.Services.Linux.UnitTest", "20-Services\Wtq.Services.Linux.UnitTest\Wtq.Services.Linux.UnitTest.csproj", "{88C5EC8A-2E94-4799-866F-836AAABCC055}"
EndProject
Global
	GlobalSection(SolutionConfigurationPlatforms) = preSolution
		Debug|Any CPU = Debug|Any CPU
		Release|Any CPU = Release|Any CPU
	EndGlobalSection
	GlobalSection(ProjectConfigurationPlatforms) = postSolution
		{41CC08A5-C7BC-4DC8-970F-37DF4D83E4C8}.Debug|Any CPU.ActiveCfg = Debug|Any CPU
		{41CC08A5-C7BC-4DC8-970F-37DF4D83E4C8}.Debug|Any CPU.Build.0 = Debug|Any CPU
		{41CC08A5-C7BC-4DC8-970F-37DF4D83E4C8}.Release|Any CPU.ActiveCfg = Release|Any CPU
		{41CC08A5-C7BC-4DC8-970F-37DF4D83E4C8}.Release|Any CPU.Build.0 = Release|Any CPU
		{02BDF9B7-75A9-45B1-9C2C-3A37ED94BD10}.Debug|Any CPU.ActiveCfg = Debug|Any CPU
		{02BDF9B7-75A9-45B1-9C2C-3A37ED94BD10}.Debug|Any CPU.Build.0 = Debug|Any CPU
		{02BDF9B7-75A9-45B1-9C2C-3A37ED94BD10}.Release|Any CPU.ActiveCfg = Release|Any CPU
		{02BDF9B7-75A9-45B1-9C2C-3A37ED94BD10}.Release|Any CPU.Build.0 = Release|Any CPU
		{A806FD73-3CF4-43AF-A9EF-C6258465DB17}.Debug|Any CPU.ActiveCfg = Debug|Any CPU
		{A806FD73-3CF4-43AF-A9EF-C6258465DB17}.Debug|Any CPU.Build.0 = Debug|Any CPU
		{A806FD73-3CF4-43AF-A9EF-C6258465DB17}.Release|Any CPU.ActiveCfg = Release|Any CPU
		{A806FD73-3CF4-43AF-A9EF-C6258465DB17}.Release|Any CPU.Build.0 = Release|Any CPU
		{565A845F-3999-4BBD-9D7D-85A4165E30DD}.Debug|Any CPU.ActiveCfg = Debug|Any CPU
		{565A845F-3999-4BBD-9D7D-85A4165E30DD}.Debug|Any CPU.Build.0 = Debug|Any CPU
		{565A845F-3999-4BBD-9D7D-85A4165E30DD}.Release|Any CPU.ActiveCfg = Release|Any CPU
		{565A845F-3999-4BBD-9D7D-85A4165E30DD}.Release|Any CPU.Build.0 = Release|Any CPU
		{F7AFBA04-0770-460B-9FE4-DF120FAAF2EC}.Debug|Any CPU.ActiveCfg = Debug|Any CPU
		{F7AFBA04-0770-460B-9FE4-DF120FAAF2EC}.Debug|Any CPU.Build.0 = Debug|Any CPU
		{F7AFBA04-0770-460B-9FE4-DF120FAAF2EC}.Release|Any CPU.ActiveCfg = Release|Any CPU
		{F7AFBA04-0770-460B-9FE4-DF120FAAF2EC}.Release|Any CPU.Build.0 = Release|Any CPU
		{8C172C6A-9D45-4307-9043-9CA89B4501A6}.Debug|Any CPU.ActiveCfg = Debug|Any CPU
		{8C172C6A-9D45-4307-9043-9CA89B4501A6}.Debug|Any CPU.Build.0 = Debug|Any CPU
		{8C172C6A-9D45-4307-9043-9CA89B4501A6}.Release|Any CPU.ActiveCfg = Release|Any CPU
		{8C172C6A-9D45-4307-9043-9CA89B4501A6}.Release|Any CPU.Build.0 = Release|Any CPU
		{EA8DF436-748C-4A33-8FED-8546B77F65E2}.Debug|Any CPU.ActiveCfg = Debug|Any CPU
		{EA8DF436-748C-4A33-8FED-8546B77F65E2}.Debug|Any CPU.Build.0 = Debug|Any CPU
		{EA8DF436-748C-4A33-8FED-8546B77F65E2}.Release|Any CPU.ActiveCfg = Release|Any CPU
		{EA8DF436-748C-4A33-8FED-8546B77F65E2}.Release|Any CPU.Build.0 = Release|Any CPU
		{36162B19-1E6F-4DC8-BF04-B0939BC21B8C}.Debug|Any CPU.ActiveCfg = Debug|Any CPU
		{36162B19-1E6F-4DC8-BF04-B0939BC21B8C}.Debug|Any CPU.Build.0 = Debug|Any CPU
		{36162B19-1E6F-4DC8-BF04-B0939BC21B8C}.Release|Any CPU.ActiveCfg = Release|Any CPU
		{36162B19-1E6F-4DC8-BF04-B0939BC21B8C}.Release|Any CPU.Build.0 = Release|Any CPU
		{E320A9BC-9E9D-42CC-A4E3-32F6F1D6E5A2}.Debug|Any CPU.ActiveCfg = Debug|Any CPU
		{E320A9BC-9E9D-42CC-A4E3-32F6F1D6E5A2}.Debug|Any CPU.Build.0 = Debug|Any CPU
		{E320A9BC-9E9D-42CC-A4E3-32F6F1D6E5A2}.Release|Any CPU.ActiveCfg = Release|Any CPU
		{E320A9BC-9E9D-42CC-A4E3-32F6F1D6E5A2}.Release|Any CPU.Build.0 = Release|Any CPU
		{F7E69AC0-0A37-4CB4-8139-DDF22388363C}.Debug|Any CPU.ActiveCfg = Debug|Any CPU
		{F7E69AC0-0A37-4CB4-8139-DDF22388363C}.Debug|Any CPU.Build.0 = Debug|Any CPU
		{F7E69AC0-0A37-4CB4-8139-DDF22388363C}.Release|Any CPU.ActiveCfg = Release|Any CPU
		{F7E69AC0-0A37-4CB4-8139-DDF22388363C}.Release|Any CPU.Build.0 = Release|Any CPU
		{85153CE6-E098-437B-A8DE-C322F8C1270E}.Debug|Any CPU.ActiveCfg = Debug|Any CPU
		{85153CE6-E098-437B-A8DE-C322F8C1270E}.Debug|Any CPU.Build.0 = Debug|Any CPU
		{85153CE6-E098-437B-A8DE-C322F8C1270E}.Release|Any CPU.ActiveCfg = Release|Any CPU
		{85153CE6-E098-437B-A8DE-C322F8C1270E}.Release|Any CPU.Build.0 = Release|Any CPU
		{39B4DB5A-4BF0-4901-93BB-F8313D1B56EC}.Debug|Any CPU.ActiveCfg = Debug|Any CPU
		{39B4DB5A-4BF0-4901-93BB-F8313D1B56EC}.Debug|Any CPU.Build.0 = Debug|Any CPU
		{39B4DB5A-4BF0-4901-93BB-F8313D1B56EC}.Release|Any CPU.ActiveCfg = Release|Any CPU
		{39B4DB5A-4BF0-4901-93BB-F8313D1B56EC}.Release|Any CPU.Build.0 = Release|Any CPU
		{C3754BEB-3D0F-424C-93B3-37215BCF3575}.Debug|Any CPU.ActiveCfg = Debug|Any CPU
		{C3754BEB-3D0F-424C-93B3-37215BCF3575}.Debug|Any CPU.Build.0 = Debug|Any CPU
		{C3754BEB-3D0F-424C-93B3-37215BCF3575}.Release|Any CPU.ActiveCfg = Release|Any CPU
		{C3754BEB-3D0F-424C-93B3-37215BCF3575}.Release|Any CPU.Build.0 = Release|Any CPU
		{7B8C6131-3436-AADE-EDF8-B80983E09BF0}.Debug|Any CPU.ActiveCfg = Debug|Any CPU
		{7B8C6131-3436-AADE-EDF8-B80983E09BF0}.Debug|Any CPU.Build.0 = Debug|Any CPU
		{7B8C6131-3436-AADE-EDF8-B80983E09BF0}.Release|Any CPU.ActiveCfg = Release|Any CPU
		{7B8C6131-3436-AADE-EDF8-B80983E09BF0}.Release|Any CPU.Build.0 = Release|Any CPU
		{DD52C9C4-2B98-4E55-A1A2-C4C83FAB79B6}.Debug|Any CPU.ActiveCfg = Debug|Any CPU
		{DD52C9C4-2B98-4E55-A1A2-C4C83FAB79B6}.Debug|Any CPU.Build.0 = Debug|Any CPU
		{DD52C9C4-2B98-4E55-A1A2-C4C83FAB79B6}.Release|Any CPU.ActiveCfg = Release|Any CPU
		{DD52C9C4-2B98-4E55-A1A2-C4C83FAB79B6}.Release|Any CPU.Build.0 = Release|Any CPU
		{416E6CD2-3088-47AD-A654-1606DE0310CE}.Debug|Any CPU.ActiveCfg = Debug|Any CPU
		{416E6CD2-3088-47AD-A654-1606DE0310CE}.Debug|Any CPU.Build.0 = Debug|Any CPU
		{416E6CD2-3088-47AD-A654-1606DE0310CE}.Release|Any CPU.ActiveCfg = Release|Any CPU
		{416E6CD2-3088-47AD-A654-1606DE0310CE}.Release|Any CPU.Build.0 = Release|Any CPU
		{13E26E18-E6B6-483E-B451-1147636901DA}.Debug|Any CPU.ActiveCfg = Debug|Any CPU
		{13E26E18-E6B6-483E-B451-1147636901DA}.Debug|Any CPU.Build.0 = Debug|Any CPU
		{13E26E18-E6B6-483E-B451-1147636901DA}.Release|Any CPU.ActiveCfg = Release|Any CPU
		{13E26E18-E6B6-483E-B451-1147636901DA}.Release|Any CPU.Build.0 = Release|Any CPU
		{CDABAE08-04EA-45F9-9C91-2833F479C170}.Debug|Any CPU.ActiveCfg = Debug|Any CPU
		{CDABAE08-04EA-45F9-9C91-2833F479C170}.Debug|Any CPU.Build.0 = Debug|Any CPU
		{CDABAE08-04EA-45F9-9C91-2833F479C170}.Release|Any CPU.ActiveCfg = Release|Any CPU
		{CDABAE08-04EA-45F9-9C91-2833F479C170}.Release|Any CPU.Build.0 = Release|Any CPU
		{22A291CE-0BF5-436A-BA58-89DDC12D0EFE}.Debug|Any CPU.ActiveCfg = Debug|Any CPU
		{22A291CE-0BF5-436A-BA58-89DDC12D0EFE}.Debug|Any CPU.Build.0 = Debug|Any CPU
		{22A291CE-0BF5-436A-BA58-89DDC12D0EFE}.Release|Any CPU.ActiveCfg = Release|Any CPU
		{22A291CE-0BF5-436A-BA58-89DDC12D0EFE}.Release|Any CPU.Build.0 = Release|Any CPU
		{88C5EC8A-2E94-4799-866F-836AAABCC055}.Debug|Any CPU.ActiveCfg = Debug|Any CPU
		{88C5EC8A-2E94-4799-866F-836AAABCC055}.Debug|Any CPU.Build.0 = Debug|Any CPU
		{88C5EC8A-2E94-4799-866F-836AAABCC055}.Release|Any CPU.ActiveCfg = Release|Any CPU
		{88C5EC8A-2E94-4799-866F-836AAABCC055}.Release|Any CPU.Build.0 = Release|Any CPU
	EndGlobalSection
	GlobalSection(SolutionProperties) = preSolution
		HideSolutionNode = FALSE
	EndGlobalSection
	GlobalSection(NestedProjects) = preSolution
		{41CC08A5-C7BC-4DC8-970F-37DF4D83E4C8} = {7DA42A83-90F6-40FF-B60D-673A2D2DAEAC}
		{02BDF9B7-75A9-45B1-9C2C-3A37ED94BD10} = {0818E9B2-260C-40E6-8FE1-96EC3A42B98D}
		{A806FD73-3CF4-43AF-A9EF-C6258465DB17} = {0818E9B2-260C-40E6-8FE1-96EC3A42B98D}
		{565A845F-3999-4BBD-9D7D-85A4165E30DD} = {F414F7B7-3276-46DE-B47E-9DA69D56736F}
		{F7AFBA04-0770-460B-9FE4-DF120FAAF2EC} = {391579FD-F1D3-4DCB-AC66-AEB9BA845C0D}
		{8C172C6A-9D45-4307-9043-9CA89B4501A6} = {F414F7B7-3276-46DE-B47E-9DA69D56736F}
		{EA8DF436-748C-4A33-8FED-8546B77F65E2} = {0818E9B2-260C-40E6-8FE1-96EC3A42B98D}
		{36162B19-1E6F-4DC8-BF04-B0939BC21B8C} = {0818E9B2-260C-40E6-8FE1-96EC3A42B98D}
		{E320A9BC-9E9D-42CC-A4E3-32F6F1D6E5A2} = {F414F7B7-3276-46DE-B47E-9DA69D56736F}
		{F7E69AC0-0A37-4CB4-8139-DDF22388363C} = {0818E9B2-260C-40E6-8FE1-96EC3A42B98D}
		{85153CE6-E098-437B-A8DE-C322F8C1270E} = {0818E9B2-260C-40E6-8FE1-96EC3A42B98D}
		{39B4DB5A-4BF0-4901-93BB-F8313D1B56EC} = {7DA42A83-90F6-40FF-B60D-673A2D2DAEAC}
		{C3754BEB-3D0F-424C-93B3-37215BCF3575} = {F414F7B7-3276-46DE-B47E-9DA69D56736F}
		{7B8C6131-3436-AADE-EDF8-B80983E09BF0} = {0818E9B2-260C-40E6-8FE1-96EC3A42B98D}
		{DD52C9C4-2B98-4E55-A1A2-C4C83FAB79B6} = {0818E9B2-260C-40E6-8FE1-96EC3A42B98D}
		{416E6CD2-3088-47AD-A654-1606DE0310CE} = {0818E9B2-260C-40E6-8FE1-96EC3A42B98D}
		{13E26E18-E6B6-483E-B451-1147636901DA} = {0818E9B2-260C-40E6-8FE1-96EC3A42B98D}
		{CDABAE08-04EA-45F9-9C91-2833F479C170} = {0818E9B2-260C-40E6-8FE1-96EC3A42B98D}
		{22A291CE-0BF5-436A-BA58-89DDC12D0EFE} = {0818E9B2-260C-40E6-8FE1-96EC3A42B98D}
		{88C5EC8A-2E94-4799-866F-836AAABCC055} = {0818E9B2-260C-40E6-8FE1-96EC3A42B98D}
	EndGlobalSection
	GlobalSection(ExtensibilityGlobals) = postSolution
		SolutionGuid = {65349C7B-F6B3-49A8-9935-4ABF9B6D3D70}
	EndGlobalSection
EndGlobal
