
Microsoft Visual Studio Solution File, Format Version 12.00
# Visual Studio Version 17
VisualStudioVersion = 17.8.34511.84
MinimumVisualStudioVersion = 10.0.40219.1
Project("{2150E333-8FDC-42A3-9474-1A3956D46DE8}") = "10-Core", "10-Core", "{7DA42A83-90F6-40FF-B60D-673A2D2DAEAC}"
EndProject
Project("{2150E333-8FDC-42A3-9474-1A3956D46DE8}") = "20-Host", "20-Host", "{F414F7B7-3276-46DE-B47E-9DA69D56736F}"
EndProject
Project("{9A19103F-16F7-4668-BE54-9A1E7A4F7556}") = "Wtq.Core", "10-Core\Wtq.Core\Wtq.Core.csproj", "{DCFC9B65-12AD-43B1-864C-1CEC0FCCF330}"
EndProject
Project("{9A19103F-16F7-4668-BE54-9A1E7A4F7556}") = "Wtq.Windows", "20-Host\Wtq.Windows\Wtq.Windows.csproj", "{87DC503F-11E4-48B7-BAD0-5B93B323009B}"
EndProject
Project("{9A19103F-16F7-4668-BE54-9A1E7A4F7556}") = "Wtq.SharpHook", "10-Core\Wtq.SharpHook\Wtq.SharpHook.csproj", "{48C6BD6F-561C-41FE-B171-7B7AA96F421D}"
EndProject
Project("{9A19103F-16F7-4668-BE54-9A1E7A4F7556}") = "Wtq.Win32", "10-Core\Wtq.Win32\Wtq.Win32.csproj", "{35A4F38A-C249-41C8-8CE1-574F66104D60}"
EndProject
Project("{9A19103F-16F7-4668-BE54-9A1E7A4F7556}") = "Wtq.SimpleTrayIcon", "10-Core\Wtq.SimpleTrayIcon\Wtq.SimpleTrayIcon.csproj", "{0595151F-4EE9-456A-B1D3-42795F4D4ACC}"
EndProject
Project("{9A19103F-16F7-4668-BE54-9A1E7A4F7556}") = "Wtq.WinForms", "10-Core\Wtq.WinForms\Wtq.WinForms.csproj", "{631C8A73-5698-4280-AE9D-D607BEEF4632}"
EndProject
Project("{2150E333-8FDC-42A3-9474-1A3956D46DE8}") = "00-Sln", "00-Sln", "{79182C46-1634-4556-92EB-882F91B32126}"
	ProjectSection(SolutionItems) = preProject
		..\.editorconfig = ..\.editorconfig
		..\.gitignore = ..\.gitignore
		build.cmd = build.cmd
		build.ps1 = build.ps1
		build.sh = build.sh
		Directory.Build.props = Directory.Build.props
		Directory.Packages.props = Directory.Packages.props
		global.json = global.json
		stylecop.json = stylecop.json
		version.json = version.json
		wtq.jsonc = wtq.jsonc
		wtq.schema.2.json = wtq.schema.2.json
	EndProjectSection
EndProject
Project("{2150E333-8FDC-42A3-9474-1A3956D46DE8}") = "30-Test", "30-Test", "{E661E1B6-611B-4C1A-AB01-7D9579A6E63B}"
EndProject
Project("{9A19103F-16F7-4668-BE54-9A1E7A4F7556}") = "Wtq.UITest", "30-Test\Wtq.UITest\Wtq.UITest.csproj", "{32769BF6-5653-4452-A794-D673FDAD9B56}"
EndProject
Global
	GlobalSection(SolutionConfigurationPlatforms) = preSolution
		Debug|Any CPU = Debug|Any CPU
		Release|Any CPU = Release|Any CPU
	EndGlobalSection
	GlobalSection(ProjectConfigurationPlatforms) = postSolution
		{DCFC9B65-12AD-43B1-864C-1CEC0FCCF330}.Debug|Any CPU.ActiveCfg = Debug|Any CPU
		{DCFC9B65-12AD-43B1-864C-1CEC0FCCF330}.Debug|Any CPU.Build.0 = Debug|Any CPU
		{DCFC9B65-12AD-43B1-864C-1CEC0FCCF330}.Release|Any CPU.ActiveCfg = Release|Any CPU
		{DCFC9B65-12AD-43B1-864C-1CEC0FCCF330}.Release|Any CPU.Build.0 = Release|Any CPU
		{87DC503F-11E4-48B7-BAD0-5B93B323009B}.Debug|Any CPU.ActiveCfg = Debug|Any CPU
		{87DC503F-11E4-48B7-BAD0-5B93B323009B}.Debug|Any CPU.Build.0 = Debug|Any CPU
		{87DC503F-11E4-48B7-BAD0-5B93B323009B}.Release|Any CPU.ActiveCfg = Release|Any CPU
		{87DC503F-11E4-48B7-BAD0-5B93B323009B}.Release|Any CPU.Build.0 = Release|Any CPU
		{48C6BD6F-561C-41FE-B171-7B7AA96F421D}.Debug|Any CPU.ActiveCfg = Debug|Any CPU
		{48C6BD6F-561C-41FE-B171-7B7AA96F421D}.Debug|Any CPU.Build.0 = Debug|Any CPU
		{48C6BD6F-561C-41FE-B171-7B7AA96F421D}.Release|Any CPU.ActiveCfg = Release|Any CPU
		{48C6BD6F-561C-41FE-B171-7B7AA96F421D}.Release|Any CPU.Build.0 = Release|Any CPU
		{35A4F38A-C249-41C8-8CE1-574F66104D60}.Debug|Any CPU.ActiveCfg = Debug|Any CPU
		{35A4F38A-C249-41C8-8CE1-574F66104D60}.Debug|Any CPU.Build.0 = Debug|Any CPU
		{35A4F38A-C249-41C8-8CE1-574F66104D60}.Release|Any CPU.ActiveCfg = Release|Any CPU
		{35A4F38A-C249-41C8-8CE1-574F66104D60}.Release|Any CPU.Build.0 = Release|Any CPU
		{0595151F-4EE9-456A-B1D3-42795F4D4ACC}.Debug|Any CPU.ActiveCfg = Debug|Any CPU
		{0595151F-4EE9-456A-B1D3-42795F4D4ACC}.Debug|Any CPU.Build.0 = Debug|Any CPU
		{0595151F-4EE9-456A-B1D3-42795F4D4ACC}.Release|Any CPU.ActiveCfg = Release|Any CPU
		{0595151F-4EE9-456A-B1D3-42795F4D4ACC}.Release|Any CPU.Build.0 = Release|Any CPU
		{631C8A73-5698-4280-AE9D-D607BEEF4632}.Debug|Any CPU.ActiveCfg = Debug|Any CPU
		{631C8A73-5698-4280-AE9D-D607BEEF4632}.Debug|Any CPU.Build.0 = Debug|Any CPU
		{631C8A73-5698-4280-AE9D-D607BEEF4632}.Release|Any CPU.ActiveCfg = Release|Any CPU
		{631C8A73-5698-4280-AE9D-D607BEEF4632}.Release|Any CPU.Build.0 = Release|Any CPU
		{32769BF6-5653-4452-A794-D673FDAD9B56}.Debug|Any CPU.ActiveCfg = Debug|Any CPU
		{32769BF6-5653-4452-A794-D673FDAD9B56}.Debug|Any CPU.Build.0 = Debug|Any CPU
		{32769BF6-5653-4452-A794-D673FDAD9B56}.Release|Any CPU.ActiveCfg = Release|Any CPU
		{32769BF6-5653-4452-A794-D673FDAD9B56}.Release|Any CPU.Build.0 = Release|Any CPU
	EndGlobalSection
	GlobalSection(SolutionProperties) = preSolution
		HideSolutionNode = FALSE
	EndGlobalSection
	GlobalSection(NestedProjects) = preSolution
		{DCFC9B65-12AD-43B1-864C-1CEC0FCCF330} = {7DA42A83-90F6-40FF-B60D-673A2D2DAEAC}
		{87DC503F-11E4-48B7-BAD0-5B93B323009B} = {F414F7B7-3276-46DE-B47E-9DA69D56736F}
		{48C6BD6F-561C-41FE-B171-7B7AA96F421D} = {7DA42A83-90F6-40FF-B60D-673A2D2DAEAC}
		{35A4F38A-C249-41C8-8CE1-574F66104D60} = {7DA42A83-90F6-40FF-B60D-673A2D2DAEAC}
		{0595151F-4EE9-456A-B1D3-42795F4D4ACC} = {7DA42A83-90F6-40FF-B60D-673A2D2DAEAC}
		{631C8A73-5698-4280-AE9D-D607BEEF4632} = {7DA42A83-90F6-40FF-B60D-673A2D2DAEAC}
		{32769BF6-5653-4452-A794-D673FDAD9B56} = {E661E1B6-611B-4C1A-AB01-7D9579A6E63B}
	EndGlobalSection
	GlobalSection(ExtensibilityGlobals) = postSolution
		SolutionGuid = {65349C7B-F6B3-49A8-9935-4ABF9B6D3D70}
	EndGlobalSection
EndGlobal
